// !$*UTF8*$!
{
	archiveVersion = 1;
	classes = {
	};
	objectVersion = 56;
	objects = {

/* Begin PBXBuildFile section */
		530466562AFEAACB00444DF8 /* MovieCellViewModel.swift in Sources */ = {isa = PBXBuildFile; fileRef = 530466552AFEAACB00444DF8 /* MovieCellViewModel.swift */; };
		5304665F2AFEEC1700444DF8 /* ListDataSource.swift in Sources */ = {isa = PBXBuildFile; fileRef = 5304665E2AFEEC1700444DF8 /* ListDataSource.swift */; };
		530466762AFFAE2600444DF8 /* ListViewState.swift in Sources */ = {isa = PBXBuildFile; fileRef = 530466752AFFAE2600444DF8 /* ListViewState.swift */; };
		5304667F2B00369B00444DF8 /* OccurancesViewController.swift in Sources */ = {isa = PBXBuildFile; fileRef = 5304667D2B00369B00444DF8 /* OccurancesViewController.swift */; };
		530466802B00369B00444DF8 /* OccurancesViewController.xib in Resources */ = {isa = PBXBuildFile; fileRef = 5304667E2B00369B00444DF8 /* OccurancesViewController.xib */; };
		530466822B00385700444DF8 /* OccurancesViewModel.swift in Sources */ = {isa = PBXBuildFile; fileRef = 530466812B00385700444DF8 /* OccurancesViewModel.swift */; };
		530466842B00397400444DF8 /* OccurancesBuilder.swift in Sources */ = {isa = PBXBuildFile; fileRef = 530466832B00397400444DF8 /* OccurancesBuilder.swift */; };
		530466892B003CD700444DF8 /* OccurancesUseCase.swift in Sources */ = {isa = PBXBuildFile; fileRef = 530466882B003CD700444DF8 /* OccurancesUseCase.swift */; };
		5304668C2B003D1300444DF8 /* OccurancesCounterService.swift in Sources */ = {isa = PBXBuildFile; fileRef = 5304668B2B003D1300444DF8 /* OccurancesCounterService.swift */; };
		530466912B00443D00444DF8 /* OccurancesRepository.swift in Sources */ = {isa = PBXBuildFile; fileRef = 530466902B00443D00444DF8 /* OccurancesRepository.swift */; };
		530466942B00447B00444DF8 /* OccurancesDataSource.swift in Sources */ = {isa = PBXBuildFile; fileRef = 530466932B00447B00444DF8 /* OccurancesDataSource.swift */; };
		530466982B00C86B00444DF8 /* OccuranceCell.swift in Sources */ = {isa = PBXBuildFile; fileRef = 530466962B00C86B00444DF8 /* OccuranceCell.swift */; };
		530466992B00C86B00444DF8 /* OccuranceCell.xib in Resources */ = {isa = PBXBuildFile; fileRef = 530466972B00C86B00444DF8 /* OccuranceCell.xib */; };
		5304669B2B00C97D00444DF8 /* OccuranceCellViewModel.swift in Sources */ = {isa = PBXBuildFile; fileRef = 5304669A2B00C97D00444DF8 /* OccuranceCellViewModel.swift */; };
		5304669D2B00CA8100444DF8 /* OccuranceItem.swift in Sources */ = {isa = PBXBuildFile; fileRef = 5304669C2B00CA8100444DF8 /* OccuranceItem.swift */; };
		5304669F2B00D63600444DF8 /* UISearchBar+Extensions.swift in Sources */ = {isa = PBXBuildFile; fileRef = 5304669E2B00D63600444DF8 /* UISearchBar+Extensions.swift */; };
		530466A12B011B8300444DF8 /* MovieLocalDataSource.swift in Sources */ = {isa = PBXBuildFile; fileRef = 530466A02B011B8300444DF8 /* MovieLocalDataSource.swift */; };
		530466A42B011BC900444DF8 /* PersistenceStore.swift in Sources */ = {isa = PBXBuildFile; fileRef = 530466A32B011BC900444DF8 /* PersistenceStore.swift */; };
		530466A62B011D5900444DF8 /* CoreDataStack.swift in Sources */ = {isa = PBXBuildFile; fileRef = 530466A52B011D5900444DF8 /* CoreDataStack.swift */; };
		530466A92B011DD500444DF8 /* TMDB.xcdatamodeld in Sources */ = {isa = PBXBuildFile; fileRef = 530466A72B011DD500444DF8 /* TMDB.xcdatamodeld */; };
		530466AB2B011F6300444DF8 /* NSManagedObjectContext+Extensions.swift in Sources */ = {isa = PBXBuildFile; fileRef = 530466AA2B011F6300444DF8 /* NSManagedObjectContext+Extensions.swift */; };
		530466AD2B01299700444DF8 /* MovieEntity+PersistanceStore.swift in Sources */ = {isa = PBXBuildFile; fileRef = 530466AC2B01299700444DF8 /* MovieEntity+PersistanceStore.swift */; };
		5345395D2AFE709D008FF64F /* AppDelegate.swift in Sources */ = {isa = PBXBuildFile; fileRef = 5345395C2AFE709D008FF64F /* AppDelegate.swift */; };
		5345395F2AFE709D008FF64F /* SceneDelegate.swift in Sources */ = {isa = PBXBuildFile; fileRef = 5345395E2AFE709D008FF64F /* SceneDelegate.swift */; };
		534539662AFE70A8008FF64F /* Assets.xcassets in Resources */ = {isa = PBXBuildFile; fileRef = 534539652AFE70A8008FF64F /* Assets.xcassets */; };
		534539692AFE70A8008FF64F /* LaunchScreen.storyboard in Resources */ = {isa = PBXBuildFile; fileRef = 534539672AFE70A8008FF64F /* LaunchScreen.storyboard */; };
		534539922AFE712C008FF64F /* Coordinator.swift in Sources */ = {isa = PBXBuildFile; fileRef = 534539912AFE712C008FF64F /* Coordinator.swift */; };
		534539942AFE7161008FF64F /* BaseCoordinator.swift in Sources */ = {isa = PBXBuildFile; fileRef = 534539932AFE7161008FF64F /* BaseCoordinator.swift */; };
		534539972AFE7185008FF64F /* APIClient.swift in Sources */ = {isa = PBXBuildFile; fileRef = 534539962AFE7185008FF64F /* APIClient.swift */; };
		534539992AFE719C008FF64F /* APIError.swift in Sources */ = {isa = PBXBuildFile; fileRef = 534539982AFE719C008FF64F /* APIError.swift */; };
		5345399B2AFE71AE008FF64F /* Environment.swift in Sources */ = {isa = PBXBuildFile; fileRef = 5345399A2AFE71AE008FF64F /* Environment.swift */; };
		5345399D2AFE71C1008FF64F /* Endpoint.swift in Sources */ = {isa = PBXBuildFile; fileRef = 5345399C2AFE71C1008FF64F /* Endpoint.swift */; };
		534539A52AFE7425008FF64F /* UseCaseProvider.swift in Sources */ = {isa = PBXBuildFile; fileRef = 534539A42AFE7425008FF64F /* UseCaseProvider.swift */; };
		534539A92AFE7493008FF64F /* MovieRemoteDataSource.swift in Sources */ = {isa = PBXBuildFile; fileRef = 534539A82AFE7493008FF64F /* MovieRemoteDataSource.swift */; };
		534539AC2AFE751F008FF64F /* MoviesRepository.swift in Sources */ = {isa = PBXBuildFile; fileRef = 534539AB2AFE751F008FF64F /* MoviesRepository.swift */; };
		534539AE2AFE7548008FF64F /* MovieUseCase.swift in Sources */ = {isa = PBXBuildFile; fileRef = 534539AD2AFE7548008FF64F /* MovieUseCase.swift */; };
		534539B02AFE75A0008FF64F /* Movie.swift in Sources */ = {isa = PBXBuildFile; fileRef = 534539AF2AFE75A0008FF64F /* Movie.swift */; };
		534539B32AFE75F8008FF64F /* MovieClient.swift in Sources */ = {isa = PBXBuildFile; fileRef = 534539B22AFE75F8008FF64F /* MovieClient.swift */; };
		534539B52AFE764D008FF64F /* MovieProvider.swift in Sources */ = {isa = PBXBuildFile; fileRef = 534539B42AFE764D008FF64F /* MovieProvider.swift */; };
		534539B72AFE769A008FF64F /* RemoteDataSourceProvider.swift in Sources */ = {isa = PBXBuildFile; fileRef = 534539B62AFE769A008FF64F /* RemoteDataSourceProvider.swift */; };
		534539BA2AFE7752008FF64F /* MovieListViewController.swift in Sources */ = {isa = PBXBuildFile; fileRef = 534539B82AFE7752008FF64F /* MovieListViewController.swift */; };
		534539BB2AFE7752008FF64F /* MovieListViewController.xib in Resources */ = {isa = PBXBuildFile; fileRef = 534539B92AFE7752008FF64F /* MovieListViewController.xib */; };
		534539BD2AFE7783008FF64F /* MovieListViewModel.swift in Sources */ = {isa = PBXBuildFile; fileRef = 534539BC2AFE7783008FF64F /* MovieListViewModel.swift */; };
		534539BF2AFE77C9008FF64F /* MovieListBuilder.swift in Sources */ = {isa = PBXBuildFile; fileRef = 534539BE2AFE77C9008FF64F /* MovieListBuilder.swift */; };
		534539C12AFE7870008FF64F /* MovieListCoordinator.swift in Sources */ = {isa = PBXBuildFile; fileRef = 534539C02AFE7870008FF64F /* MovieListCoordinator.swift */; };
		534539C62AFE860C008FF64F /* MovieCell.swift in Sources */ = {isa = PBXBuildFile; fileRef = 534539C42AFE860C008FF64F /* MovieCell.swift */; };
		534539C92AFE91FA008FF64F /* MovieCell.xib in Resources */ = {isa = PBXBuildFile; fileRef = 534539C82AFE91FA008FF64F /* MovieCell.xib */; };
		538645CE2B01325F00BDD1FE /* ImageProvider.swift in Sources */ = {isa = PBXBuildFile; fileRef = 538645CD2B01325F00BDD1FE /* ImageProvider.swift */; };
		538645D02B01419800BDD1FE /* MovieEntity+Extensions.swift in Sources */ = {isa = PBXBuildFile; fileRef = 538645CF2B01419800BDD1FE /* MovieEntity+Extensions.swift */; };
		538645D22B01435200BDD1FE /* LocalDataSourceProvider.swift in Sources */ = {isa = PBXBuildFile; fileRef = 538645D12B01435200BDD1FE /* LocalDataSourceProvider.swift */; };
		538645DB2B016E3F00BDD1FE /* MovieListBuilderTests.swift in Sources */ = {isa = PBXBuildFile; fileRef = 538645DA2B016E3F00BDD1FE /* MovieListBuilderTests.swift */; };
		538645DD2B016FDC00BDD1FE /* MovieListCoordinatorTests.swift in Sources */ = {isa = PBXBuildFile; fileRef = 538645DC2B016FDC00BDD1FE /* MovieListCoordinatorTests.swift */; };
		538645E02B01706500BDD1FE /* MockNavigationController.swift in Sources */ = {isa = PBXBuildFile; fileRef = 538645DF2B01706500BDD1FE /* MockNavigationController.swift */; };
		538645E22B01712800BDD1FE /* Movie+Mock.swift in Sources */ = {isa = PBXBuildFile; fileRef = 538645E12B01712800BDD1FE /* Movie+Mock.swift */; };
		538645E42B01724100BDD1FE /* MovieListViewModelTests.swift in Sources */ = {isa = PBXBuildFile; fileRef = 538645E32B01724100BDD1FE /* MovieListViewModelTests.swift */; };
		538645E62B01728300BDD1FE /* MockMovieUseCase.swift in Sources */ = {isa = PBXBuildFile; fileRef = 538645E52B01728300BDD1FE /* MockMovieUseCase.swift */; };
		538645E92B01745500BDD1FE /* ViewDelegateResponder.swift in Sources */ = {isa = PBXBuildFile; fileRef = 538645E82B01745500BDD1FE /* ViewDelegateResponder.swift */; };
		538645EC2B017AAD00BDD1FE /* OccurancesBuilderTests.swift in Sources */ = {isa = PBXBuildFile; fileRef = 538645EB2B017AAD00BDD1FE /* OccurancesBuilderTests.swift */; };
		538645EE2B017B4600BDD1FE /* OccurancesViewModelTests.swift in Sources */ = {isa = PBXBuildFile; fileRef = 538645ED2B017B4600BDD1FE /* OccurancesViewModelTests.swift */; };
		538645F02B017BCA00BDD1FE /* MockOccurancesUseCase.swift in Sources */ = {isa = PBXBuildFile; fileRef = 538645EF2B017BC900BDD1FE /* MockOccurancesUseCase.swift */; };
		538645F32B017F5700BDD1FE /* OccurancesCounterServiceTests.swift in Sources */ = {isa = PBXBuildFile; fileRef = 538645F22B017F5700BDD1FE /* OccurancesCounterServiceTests.swift */; };
		538645F92B018D8900BDD1FE /* MovieSearchService.swift in Sources */ = {isa = PBXBuildFile; fileRef = 538645F82B018D8900BDD1FE /* MovieSearchService.swift */; };
/* End PBXBuildFile section */

/* Begin PBXContainerItemProxy section */
		534539702AFE70A8008FF64F /* PBXContainerItemProxy */ = {
			isa = PBXContainerItemProxy;
			containerPortal = 534539512AFE709C008FF64F /* Project object */;
			proxyType = 1;
			remoteGlobalIDString = 534539582AFE709D008FF64F;
			remoteInfo = TopRatedMovies;
		};
/* End PBXContainerItemProxy section */

/* Begin PBXFileReference section */
		530466552AFEAACB00444DF8 /* MovieCellViewModel.swift */ = {isa = PBXFileReference; lastKnownFileType = sourcecode.swift; path = MovieCellViewModel.swift; sourceTree = "<group>"; };
		5304665E2AFEEC1700444DF8 /* ListDataSource.swift */ = {isa = PBXFileReference; lastKnownFileType = sourcecode.swift; path = ListDataSource.swift; sourceTree = "<group>"; };
		530466752AFFAE2600444DF8 /* ListViewState.swift */ = {isa = PBXFileReference; lastKnownFileType = sourcecode.swift; path = ListViewState.swift; sourceTree = "<group>"; };
		5304667D2B00369B00444DF8 /* OccurancesViewController.swift */ = {isa = PBXFileReference; lastKnownFileType = sourcecode.swift; path = OccurancesViewController.swift; sourceTree = "<group>"; };
		5304667E2B00369B00444DF8 /* OccurancesViewController.xib */ = {isa = PBXFileReference; lastKnownFileType = file.xib; path = OccurancesViewController.xib; sourceTree = "<group>"; };
		530466812B00385700444DF8 /* OccurancesViewModel.swift */ = {isa = PBXFileReference; lastKnownFileType = sourcecode.swift; path = OccurancesViewModel.swift; sourceTree = "<group>"; };
		530466832B00397400444DF8 /* OccurancesBuilder.swift */ = {isa = PBXFileReference; lastKnownFileType = sourcecode.swift; path = OccurancesBuilder.swift; sourceTree = "<group>"; };
		530466882B003CD700444DF8 /* OccurancesUseCase.swift */ = {isa = PBXFileReference; lastKnownFileType = sourcecode.swift; path = OccurancesUseCase.swift; sourceTree = "<group>"; };
		5304668B2B003D1300444DF8 /* OccurancesCounterService.swift */ = {isa = PBXFileReference; lastKnownFileType = sourcecode.swift; path = OccurancesCounterService.swift; sourceTree = "<group>"; };
		530466902B00443D00444DF8 /* OccurancesRepository.swift */ = {isa = PBXFileReference; lastKnownFileType = sourcecode.swift; path = OccurancesRepository.swift; sourceTree = "<group>"; };
		530466932B00447B00444DF8 /* OccurancesDataSource.swift */ = {isa = PBXFileReference; lastKnownFileType = sourcecode.swift; path = OccurancesDataSource.swift; sourceTree = "<group>"; };
		530466962B00C86B00444DF8 /* OccuranceCell.swift */ = {isa = PBXFileReference; lastKnownFileType = sourcecode.swift; path = OccuranceCell.swift; sourceTree = "<group>"; };
		530466972B00C86B00444DF8 /* OccuranceCell.xib */ = {isa = PBXFileReference; lastKnownFileType = file.xib; path = OccuranceCell.xib; sourceTree = "<group>"; };
		5304669A2B00C97D00444DF8 /* OccuranceCellViewModel.swift */ = {isa = PBXFileReference; lastKnownFileType = sourcecode.swift; path = OccuranceCellViewModel.swift; sourceTree = "<group>"; };
		5304669C2B00CA8100444DF8 /* OccuranceItem.swift */ = {isa = PBXFileReference; lastKnownFileType = sourcecode.swift; path = OccuranceItem.swift; sourceTree = "<group>"; };
		5304669E2B00D63600444DF8 /* UISearchBar+Extensions.swift */ = {isa = PBXFileReference; lastKnownFileType = sourcecode.swift; path = "UISearchBar+Extensions.swift"; sourceTree = "<group>"; };
		530466A02B011B8300444DF8 /* MovieLocalDataSource.swift */ = {isa = PBXFileReference; lastKnownFileType = sourcecode.swift; path = MovieLocalDataSource.swift; sourceTree = "<group>"; };
		530466A32B011BC900444DF8 /* PersistenceStore.swift */ = {isa = PBXFileReference; lastKnownFileType = sourcecode.swift; path = PersistenceStore.swift; sourceTree = "<group>"; };
		530466A52B011D5900444DF8 /* CoreDataStack.swift */ = {isa = PBXFileReference; lastKnownFileType = sourcecode.swift; path = CoreDataStack.swift; sourceTree = "<group>"; };
		530466A82B011DD500444DF8 /* TMDB.xcdatamodel */ = {isa = PBXFileReference; lastKnownFileType = wrapper.xcdatamodel; path = TMDB.xcdatamodel; sourceTree = "<group>"; };
		530466AA2B011F6300444DF8 /* NSManagedObjectContext+Extensions.swift */ = {isa = PBXFileReference; lastKnownFileType = sourcecode.swift; path = "NSManagedObjectContext+Extensions.swift"; sourceTree = "<group>"; };
		530466AC2B01299700444DF8 /* MovieEntity+PersistanceStore.swift */ = {isa = PBXFileReference; lastKnownFileType = sourcecode.swift; path = "MovieEntity+PersistanceStore.swift"; sourceTree = "<group>"; };
		534539592AFE709D008FF64F /* TopRatedMovies.app */ = {isa = PBXFileReference; explicitFileType = wrapper.application; includeInIndex = 0; path = TopRatedMovies.app; sourceTree = BUILT_PRODUCTS_DIR; };
		5345395C2AFE709D008FF64F /* AppDelegate.swift */ = {isa = PBXFileReference; lastKnownFileType = sourcecode.swift; path = AppDelegate.swift; sourceTree = "<group>"; };
		5345395E2AFE709D008FF64F /* SceneDelegate.swift */ = {isa = PBXFileReference; lastKnownFileType = sourcecode.swift; path = SceneDelegate.swift; sourceTree = "<group>"; };
		534539652AFE70A8008FF64F /* Assets.xcassets */ = {isa = PBXFileReference; lastKnownFileType = folder.assetcatalog; path = Assets.xcassets; sourceTree = "<group>"; };
		534539682AFE70A8008FF64F /* Base */ = {isa = PBXFileReference; lastKnownFileType = file.storyboard; name = Base; path = Base.lproj/LaunchScreen.storyboard; sourceTree = "<group>"; };
		5345396A2AFE70A8008FF64F /* Info.plist */ = {isa = PBXFileReference; lastKnownFileType = text.plist.xml; path = Info.plist; sourceTree = "<group>"; };
		5345396F2AFE70A8008FF64F /* TopRatedMoviesTests.xctest */ = {isa = PBXFileReference; explicitFileType = wrapper.cfbundle; includeInIndex = 0; path = TopRatedMoviesTests.xctest; sourceTree = BUILT_PRODUCTS_DIR; };
		534539912AFE712C008FF64F /* Coordinator.swift */ = {isa = PBXFileReference; lastKnownFileType = sourcecode.swift; path = Coordinator.swift; sourceTree = "<group>"; };
		534539932AFE7161008FF64F /* BaseCoordinator.swift */ = {isa = PBXFileReference; lastKnownFileType = sourcecode.swift; path = BaseCoordinator.swift; sourceTree = "<group>"; };
		534539962AFE7185008FF64F /* APIClient.swift */ = {isa = PBXFileReference; lastKnownFileType = sourcecode.swift; path = APIClient.swift; sourceTree = "<group>"; };
		534539982AFE719C008FF64F /* APIError.swift */ = {isa = PBXFileReference; lastKnownFileType = sourcecode.swift; path = APIError.swift; sourceTree = "<group>"; };
		5345399A2AFE71AE008FF64F /* Environment.swift */ = {isa = PBXFileReference; lastKnownFileType = sourcecode.swift; path = Environment.swift; sourceTree = "<group>"; };
		5345399C2AFE71C1008FF64F /* Endpoint.swift */ = {isa = PBXFileReference; lastKnownFileType = sourcecode.swift; path = Endpoint.swift; sourceTree = "<group>"; };
		534539A42AFE7425008FF64F /* UseCaseProvider.swift */ = {isa = PBXFileReference; lastKnownFileType = sourcecode.swift; path = UseCaseProvider.swift; sourceTree = "<group>"; };
		534539A82AFE7493008FF64F /* MovieRemoteDataSource.swift */ = {isa = PBXFileReference; lastKnownFileType = sourcecode.swift; path = MovieRemoteDataSource.swift; sourceTree = "<group>"; };
		534539AB2AFE751F008FF64F /* MoviesRepository.swift */ = {isa = PBXFileReference; lastKnownFileType = sourcecode.swift; path = MoviesRepository.swift; sourceTree = "<group>"; };
		534539AD2AFE7548008FF64F /* MovieUseCase.swift */ = {isa = PBXFileReference; lastKnownFileType = sourcecode.swift; path = MovieUseCase.swift; sourceTree = "<group>"; };
		534539AF2AFE75A0008FF64F /* Movie.swift */ = {isa = PBXFileReference; lastKnownFileType = sourcecode.swift; path = Movie.swift; sourceTree = "<group>"; };
		534539B22AFE75F8008FF64F /* MovieClient.swift */ = {isa = PBXFileReference; lastKnownFileType = sourcecode.swift; path = MovieClient.swift; sourceTree = "<group>"; };
		534539B42AFE764D008FF64F /* MovieProvider.swift */ = {isa = PBXFileReference; lastKnownFileType = sourcecode.swift; path = MovieProvider.swift; sourceTree = "<group>"; };
		534539B62AFE769A008FF64F /* RemoteDataSourceProvider.swift */ = {isa = PBXFileReference; lastKnownFileType = sourcecode.swift; path = RemoteDataSourceProvider.swift; sourceTree = "<group>"; };
		534539B82AFE7752008FF64F /* MovieListViewController.swift */ = {isa = PBXFileReference; lastKnownFileType = sourcecode.swift; path = MovieListViewController.swift; sourceTree = "<group>"; };
		534539B92AFE7752008FF64F /* MovieListViewController.xib */ = {isa = PBXFileReference; lastKnownFileType = file.xib; path = MovieListViewController.xib; sourceTree = "<group>"; };
		534539BC2AFE7783008FF64F /* MovieListViewModel.swift */ = {isa = PBXFileReference; lastKnownFileType = sourcecode.swift; path = MovieListViewModel.swift; sourceTree = "<group>"; };
		534539BE2AFE77C9008FF64F /* MovieListBuilder.swift */ = {isa = PBXFileReference; lastKnownFileType = sourcecode.swift; path = MovieListBuilder.swift; sourceTree = "<group>"; };
		534539C02AFE7870008FF64F /* MovieListCoordinator.swift */ = {isa = PBXFileReference; lastKnownFileType = sourcecode.swift; path = MovieListCoordinator.swift; sourceTree = "<group>"; };
		534539C42AFE860C008FF64F /* MovieCell.swift */ = {isa = PBXFileReference; lastKnownFileType = sourcecode.swift; path = MovieCell.swift; sourceTree = "<group>"; };
		534539C82AFE91FA008FF64F /* MovieCell.xib */ = {isa = PBXFileReference; lastKnownFileType = file.xib; path = MovieCell.xib; sourceTree = "<group>"; };
		538645CD2B01325F00BDD1FE /* ImageProvider.swift */ = {isa = PBXFileReference; lastKnownFileType = sourcecode.swift; path = ImageProvider.swift; sourceTree = "<group>"; };
		538645CF2B01419800BDD1FE /* MovieEntity+Extensions.swift */ = {isa = PBXFileReference; lastKnownFileType = sourcecode.swift; path = "MovieEntity+Extensions.swift"; sourceTree = "<group>"; };
		538645D12B01435200BDD1FE /* LocalDataSourceProvider.swift */ = {isa = PBXFileReference; lastKnownFileType = sourcecode.swift; path = LocalDataSourceProvider.swift; sourceTree = "<group>"; };
		538645DA2B016E3F00BDD1FE /* MovieListBuilderTests.swift */ = {isa = PBXFileReference; lastKnownFileType = sourcecode.swift; path = MovieListBuilderTests.swift; sourceTree = "<group>"; };
		538645DC2B016FDC00BDD1FE /* MovieListCoordinatorTests.swift */ = {isa = PBXFileReference; lastKnownFileType = sourcecode.swift; path = MovieListCoordinatorTests.swift; sourceTree = "<group>"; };
		538645DF2B01706500BDD1FE /* MockNavigationController.swift */ = {isa = PBXFileReference; lastKnownFileType = sourcecode.swift; path = MockNavigationController.swift; sourceTree = "<group>"; };
		538645E12B01712800BDD1FE /* Movie+Mock.swift */ = {isa = PBXFileReference; lastKnownFileType = sourcecode.swift; path = "Movie+Mock.swift"; sourceTree = "<group>"; };
		538645E32B01724100BDD1FE /* MovieListViewModelTests.swift */ = {isa = PBXFileReference; lastKnownFileType = sourcecode.swift; path = MovieListViewModelTests.swift; sourceTree = "<group>"; };
		538645E52B01728300BDD1FE /* MockMovieUseCase.swift */ = {isa = PBXFileReference; lastKnownFileType = sourcecode.swift; path = MockMovieUseCase.swift; sourceTree = "<group>"; };
		538645E82B01745500BDD1FE /* ViewDelegateResponder.swift */ = {isa = PBXFileReference; lastKnownFileType = sourcecode.swift; path = ViewDelegateResponder.swift; sourceTree = "<group>"; };
		538645EB2B017AAD00BDD1FE /* OccurancesBuilderTests.swift */ = {isa = PBXFileReference; lastKnownFileType = sourcecode.swift; path = OccurancesBuilderTests.swift; sourceTree = "<group>"; };
		538645ED2B017B4600BDD1FE /* OccurancesViewModelTests.swift */ = {isa = PBXFileReference; lastKnownFileType = sourcecode.swift; path = OccurancesViewModelTests.swift; sourceTree = "<group>"; };
		538645EF2B017BC900BDD1FE /* MockOccurancesUseCase.swift */ = {isa = PBXFileReference; lastKnownFileType = sourcecode.swift; path = MockOccurancesUseCase.swift; sourceTree = "<group>"; };
		538645F22B017F5700BDD1FE /* OccurancesCounterServiceTests.swift */ = {isa = PBXFileReference; lastKnownFileType = sourcecode.swift; path = OccurancesCounterServiceTests.swift; sourceTree = "<group>"; };
		538645F82B018D8900BDD1FE /* MovieSearchService.swift */ = {isa = PBXFileReference; lastKnownFileType = sourcecode.swift; path = MovieSearchService.swift; sourceTree = "<group>"; };
/* End PBXFileReference section */

/* Begin PBXFrameworksBuildPhase section */
		534539562AFE709D008FF64F /* Frameworks */ = {
			isa = PBXFrameworksBuildPhase;
			buildActionMask = 2147483647;
			files = (
			);
			runOnlyForDeploymentPostprocessing = 0;
		};
		5345396C2AFE70A8008FF64F /* Frameworks */ = {
			isa = PBXFrameworksBuildPhase;
			buildActionMask = 2147483647;
			files = (
			);
			runOnlyForDeploymentPostprocessing = 0;
		};
/* End PBXFrameworksBuildPhase section */

/* Begin PBXGroup section */
		5304666B2AFFAA1C00444DF8 /* Scenarios */ = {
			isa = PBXGroup;
			children = (
				538645D32B01623700BDD1FE /* Splash */,
				5304666C2AFFAA3600444DF8 /* MovieList */,
				5304667C2B00366400444DF8 /* Occurances */,
			);
			path = Scenarios;
			sourceTree = "<group>";
		};
		5304666C2AFFAA3600444DF8 /* MovieList */ = {
			isa = PBXGroup;
			children = (
				534539C32AFE85AC008FF64F /* Cells */,
				534539BE2AFE77C9008FF64F /* MovieListBuilder.swift */,
				534539C02AFE7870008FF64F /* MovieListCoordinator.swift */,
				534539BC2AFE7783008FF64F /* MovieListViewModel.swift */,
				534539B82AFE7752008FF64F /* MovieListViewController.swift */,
				534539B92AFE7752008FF64F /* MovieListViewController.xib */,
			);
			path = MovieList;
			sourceTree = "<group>";
		};
		5304666D2AFFAA3E00444DF8 /* Entities */ = {
			isa = PBXGroup;
			children = (
				534539AF2AFE75A0008FF64F /* Movie.swift */,
				530466AC2B01299700444DF8 /* MovieEntity+PersistanceStore.swift */,
				538645CF2B01419800BDD1FE /* MovieEntity+Extensions.swift */,
			);
			path = Entities;
			sourceTree = "<group>";
		};
		5304666E2AFFAA4800444DF8 /* DataSource */ = {
			isa = PBXGroup;
			children = (
				538645D12B01435200BDD1FE /* LocalDataSourceProvider.swift */,
				534539B62AFE769A008FF64F /* RemoteDataSourceProvider.swift */,
				534539A72AFE7473008FF64F /* Movie */,
				530466922B00445A00444DF8 /* Occurances */,
			);
			path = DataSource;
			sourceTree = "<group>";
		};
		5304666F2AFFAA5D00444DF8 /* Repository */ = {
			isa = PBXGroup;
			children = (
				534539AB2AFE751F008FF64F /* MoviesRepository.swift */,
				530466902B00443D00444DF8 /* OccurancesRepository.swift */,
			);
			path = Repository;
			sourceTree = "<group>";
		};
		530466712AFFAA7900444DF8 /* UseCase */ = {
			isa = PBXGroup;
			children = (
				534539A42AFE7425008FF64F /* UseCaseProvider.swift */,
				534539AD2AFE7548008FF64F /* MovieUseCase.swift */,
				530466882B003CD700444DF8 /* OccurancesUseCase.swift */,
			);
			path = UseCase;
			sourceTree = "<group>";
		};
		530466792AFFB04300444DF8 /* Core */ = {
			isa = PBXGroup;
			children = (
				5304666D2AFFAA3E00444DF8 /* Entities */,
				5304666E2AFFAA4800444DF8 /* DataSource */,
				534539B12AFE75E9008FF64F /* Service */,
				5304666F2AFFAA5D00444DF8 /* Repository */,
				530466712AFFAA7900444DF8 /* UseCase */,
			);
			path = Core;
			sourceTree = "<group>";
		};
		5304667C2B00366400444DF8 /* Occurances */ = {
			isa = PBXGroup;
			children = (
				530466952B00C85100444DF8 /* Cells */,
				5304669C2B00CA8100444DF8 /* OccuranceItem.swift */,
				530466832B00397400444DF8 /* OccurancesBuilder.swift */,
				5304667D2B00369B00444DF8 /* OccurancesViewController.swift */,
				5304667E2B00369B00444DF8 /* OccurancesViewController.xib */,
				530466812B00385700444DF8 /* OccurancesViewModel.swift */,
			);
			path = Occurances;
			sourceTree = "<group>";
		};
		5304668A2B003CF200444DF8 /* Occurances */ = {
			isa = PBXGroup;
			children = (
				5304668B2B003D1300444DF8 /* OccurancesCounterService.swift */,
			);
			path = Occurances;
			sourceTree = "<group>";
		};
		530466922B00445A00444DF8 /* Occurances */ = {
			isa = PBXGroup;
			children = (
				530466932B00447B00444DF8 /* OccurancesDataSource.swift */,
			);
			path = Occurances;
			sourceTree = "<group>";
		};
		530466952B00C85100444DF8 /* Cells */ = {
			isa = PBXGroup;
			children = (
				530466962B00C86B00444DF8 /* OccuranceCell.swift */,
				530466972B00C86B00444DF8 /* OccuranceCell.xib */,
				5304669A2B00C97D00444DF8 /* OccuranceCellViewModel.swift */,
			);
			path = Cells;
			sourceTree = "<group>";
		};
		530466A22B011BC000444DF8 /* Persistance */ = {
			isa = PBXGroup;
			children = (
				530466AA2B011F6300444DF8 /* NSManagedObjectContext+Extensions.swift */,
				530466A32B011BC900444DF8 /* PersistenceStore.swift */,
				530466A52B011D5900444DF8 /* CoreDataStack.swift */,
			);
			path = Persistance;
			sourceTree = "<group>";
		};
		534539502AFE709C008FF64F = {
			isa = PBXGroup;
			children = (
				5345395B2AFE709D008FF64F /* TopRatedMovies */,
				534539722AFE70A8008FF64F /* TopRatedMoviesTests */,
				5345395A2AFE709D008FF64F /* Products */,
			);
			sourceTree = "<group>";
		};
		5345395A2AFE709D008FF64F /* Products */ = {
			isa = PBXGroup;
			children = (
				534539592AFE709D008FF64F /* TopRatedMovies.app */,
				5345396F2AFE70A8008FF64F /* TopRatedMoviesTests.xctest */,
			);
			name = Products;
			sourceTree = "<group>";
		};
		5345395B2AFE709D008FF64F /* TopRatedMovies */ = {
			isa = PBXGroup;
			children = (
				5345395C2AFE709D008FF64F /* AppDelegate.swift */,
				5345395E2AFE709D008FF64F /* SceneDelegate.swift */,
				530466792AFFB04300444DF8 /* Core */,
				5304666B2AFFAA1C00444DF8 /* Scenarios */,
				5345398D2AFE7101008FF64F /* Common */,
				5345398C2AFE70B5008FF64F /* Resources */,
				5345396A2AFE70A8008FF64F /* Info.plist */,
			);
			path = TopRatedMovies;
			sourceTree = "<group>";
		};
		534539722AFE70A8008FF64F /* TopRatedMoviesTests */ = {
			isa = PBXGroup;
			children = (
				538645E72B01744B00BDD1FE /* Helpers */,
				538645DE2B01705700BDD1FE /* Mocks */,
				538645D92B016E2100BDD1FE /* MovieListTests */,
				538645EA2B017A8C00BDD1FE /* Occurances */,
				538645F12B017F1300BDD1FE /* ServiceTests */,
			);
			path = TopRatedMoviesTests;
			sourceTree = "<group>";
		};
		5345398C2AFE70B5008FF64F /* Resources */ = {
			isa = PBXGroup;
			children = (
				534539652AFE70A8008FF64F /* Assets.xcassets */,
				530466A72B011DD500444DF8 /* TMDB.xcdatamodeld */,
			);
			path = Resources;
			sourceTree = "<group>";
		};
		5345398D2AFE7101008FF64F /* Common */ = {
			isa = PBXGroup;
			children = (
				530466A22B011BC000444DF8 /* Persistance */,
				534539902AFE711D008FF64F /* Flow */,
				534539952AFE7175008FF64F /* Networking */,
				5304665E2AFEEC1700444DF8 /* ListDataSource.swift */,
				530466752AFFAE2600444DF8 /* ListViewState.swift */,
				5304669E2B00D63600444DF8 /* UISearchBar+Extensions.swift */,
			);
			path = Common;
			sourceTree = "<group>";
		};
		534539902AFE711D008FF64F /* Flow */ = {
			isa = PBXGroup;
			children = (
				534539912AFE712C008FF64F /* Coordinator.swift */,
				534539932AFE7161008FF64F /* BaseCoordinator.swift */,
			);
			path = Flow;
			sourceTree = "<group>";
		};
		534539952AFE7175008FF64F /* Networking */ = {
			isa = PBXGroup;
			children = (
				534539962AFE7185008FF64F /* APIClient.swift */,
				534539982AFE719C008FF64F /* APIError.swift */,
				5345399A2AFE71AE008FF64F /* Environment.swift */,
				5345399C2AFE71C1008FF64F /* Endpoint.swift */,
			);
			path = Networking;
			sourceTree = "<group>";
		};
		534539A72AFE7473008FF64F /* Movie */ = {
			isa = PBXGroup;
			children = (
				534539A82AFE7493008FF64F /* MovieRemoteDataSource.swift */,
				530466A02B011B8300444DF8 /* MovieLocalDataSource.swift */,
			);
			path = Movie;
			sourceTree = "<group>";
		};
		534539B12AFE75E9008FF64F /* Service */ = {
			isa = PBXGroup;
			children = (
				534539C22AFE7999008FF64F /* Movie */,
				5304668A2B003CF200444DF8 /* Occurances */,
			);
			path = Service;
			sourceTree = "<group>";
		};
		534539C22AFE7999008FF64F /* Movie */ = {
			isa = PBXGroup;
			children = (
				534539B22AFE75F8008FF64F /* MovieClient.swift */,
				534539B42AFE764D008FF64F /* MovieProvider.swift */,
				538645CD2B01325F00BDD1FE /* ImageProvider.swift */,
				538645F82B018D8900BDD1FE /* MovieSearchService.swift */,
			);
			path = Movie;
			sourceTree = "<group>";
		};
		534539C32AFE85AC008FF64F /* Cells */ = {
			isa = PBXGroup;
			children = (
				534539C42AFE860C008FF64F /* MovieCell.swift */,
				534539C82AFE91FA008FF64F /* MovieCell.xib */,
				530466552AFEAACB00444DF8 /* MovieCellViewModel.swift */,
			);
			path = Cells;
			sourceTree = "<group>";
		};
		538645D32B01623700BDD1FE /* Splash */ = {
			isa = PBXGroup;
			children = (
				534539672AFE70A8008FF64F /* LaunchScreen.storyboard */,
			);
			path = Splash;
			sourceTree = "<group>";
		};
		538645D92B016E2100BDD1FE /* MovieListTests */ = {
			isa = PBXGroup;
			children = (
				538645DA2B016E3F00BDD1FE /* MovieListBuilderTests.swift */,
				538645DC2B016FDC00BDD1FE /* MovieListCoordinatorTests.swift */,
				538645E32B01724100BDD1FE /* MovieListViewModelTests.swift */,
			);
			path = MovieListTests;
			sourceTree = "<group>";
		};
		538645DE2B01705700BDD1FE /* Mocks */ = {
			isa = PBXGroup;
			children = (
				538645E12B01712800BDD1FE /* Movie+Mock.swift */,
				538645DF2B01706500BDD1FE /* MockNavigationController.swift */,
				538645E52B01728300BDD1FE /* MockMovieUseCase.swift */,
				538645EF2B017BC900BDD1FE /* MockOccurancesUseCase.swift */,
			);
			path = Mocks;
			sourceTree = "<group>";
		};
		538645E72B01744B00BDD1FE /* Helpers */ = {
			isa = PBXGroup;
			children = (
				538645E82B01745500BDD1FE /* ViewDelegateResponder.swift */,
			);
			path = Helpers;
			sourceTree = "<group>";
		};
		538645EA2B017A8C00BDD1FE /* Occurances */ = {
			isa = PBXGroup;
			children = (
				538645EB2B017AAD00BDD1FE /* OccurancesBuilderTests.swift */,
				538645ED2B017B4600BDD1FE /* OccurancesViewModelTests.swift */,
			);
			path = Occurances;
			sourceTree = "<group>";
		};
		538645F12B017F1300BDD1FE /* ServiceTests */ = {
			isa = PBXGroup;
			children = (
				538645F22B017F5700BDD1FE /* OccurancesCounterServiceTests.swift */,
			);
			path = ServiceTests;
			sourceTree = "<group>";
		};
/* End PBXGroup section */

/* Begin PBXNativeTarget section */
		534539582AFE709D008FF64F /* TopRatedMovies */ = {
			isa = PBXNativeTarget;
			buildConfigurationList = 534539832AFE70A8008FF64F /* Build configuration list for PBXNativeTarget "TopRatedMovies" */;
			buildPhases = (
				534539552AFE709D008FF64F /* Sources */,
				534539562AFE709D008FF64F /* Frameworks */,
				534539572AFE709D008FF64F /* Resources */,
			);
			buildRules = (
			);
			dependencies = (
			);
			name = TopRatedMovies;
			productName = TopRatedMovies;
			productReference = 534539592AFE709D008FF64F /* TopRatedMovies.app */;
			productType = "com.apple.product-type.application";
		};
		5345396E2AFE70A8008FF64F /* TopRatedMoviesTests */ = {
			isa = PBXNativeTarget;
			buildConfigurationList = 534539862AFE70A8008FF64F /* Build configuration list for PBXNativeTarget "TopRatedMoviesTests" */;
			buildPhases = (
				5345396B2AFE70A8008FF64F /* Sources */,
				5345396C2AFE70A8008FF64F /* Frameworks */,
				5345396D2AFE70A8008FF64F /* Resources */,
			);
			buildRules = (
			);
			dependencies = (
				534539712AFE70A8008FF64F /* PBXTargetDependency */,
			);
			name = TopRatedMoviesTests;
			productName = TopRatedMoviesTests;
			productReference = 5345396F2AFE70A8008FF64F /* TopRatedMoviesTests.xctest */;
			productType = "com.apple.product-type.bundle.unit-test";
		};
/* End PBXNativeTarget section */

/* Begin PBXProject section */
		534539512AFE709C008FF64F /* Project object */ = {
			isa = PBXProject;
			attributes = {
				BuildIndependentTargetsInParallel = 1;
				LastSwiftUpdateCheck = 1500;
				LastUpgradeCheck = 1500;
				TargetAttributes = {
					534539582AFE709D008FF64F = {
						CreatedOnToolsVersion = 15.0.1;
					};
					5345396E2AFE70A8008FF64F = {
						CreatedOnToolsVersion = 15.0.1;
						TestTargetID = 534539582AFE709D008FF64F;
					};
				};
			};
			buildConfigurationList = 534539542AFE709C008FF64F /* Build configuration list for PBXProject "TopRatedMovies" */;
			compatibilityVersion = "Xcode 14.0";
			developmentRegion = en;
			hasScannedForEncodings = 0;
			knownRegions = (
				en,
				Base,
			);
			mainGroup = 534539502AFE709C008FF64F;
			productRefGroup = 5345395A2AFE709D008FF64F /* Products */;
			projectDirPath = "";
			projectRoot = "";
			targets = (
				534539582AFE709D008FF64F /* TopRatedMovies */,
				5345396E2AFE70A8008FF64F /* TopRatedMoviesTests */,
			);
		};
/* End PBXProject section */

/* Begin PBXResourcesBuildPhase section */
		534539572AFE709D008FF64F /* Resources */ = {
			isa = PBXResourcesBuildPhase;
			buildActionMask = 2147483647;
			files = (
				534539BB2AFE7752008FF64F /* MovieListViewController.xib in Resources */,
				530466802B00369B00444DF8 /* OccurancesViewController.xib in Resources */,
				534539692AFE70A8008FF64F /* LaunchScreen.storyboard in Resources */,
				530466992B00C86B00444DF8 /* OccuranceCell.xib in Resources */,
				534539662AFE70A8008FF64F /* Assets.xcassets in Resources */,
				534539C92AFE91FA008FF64F /* MovieCell.xib in Resources */,
			);
			runOnlyForDeploymentPostprocessing = 0;
		};
		5345396D2AFE70A8008FF64F /* Resources */ = {
			isa = PBXResourcesBuildPhase;
			buildActionMask = 2147483647;
			files = (
			);
			runOnlyForDeploymentPostprocessing = 0;
		};
/* End PBXResourcesBuildPhase section */

/* Begin PBXSourcesBuildPhase section */
		534539552AFE709D008FF64F /* Sources */ = {
			isa = PBXSourcesBuildPhase;
			buildActionMask = 2147483647;
			files = (
				534539BA2AFE7752008FF64F /* MovieListViewController.swift in Sources */,
				534539B02AFE75A0008FF64F /* Movie.swift in Sources */,
				530466942B00447B00444DF8 /* OccurancesDataSource.swift in Sources */,
				534539972AFE7185008FF64F /* APIClient.swift in Sources */,
				5304665F2AFEEC1700444DF8 /* ListDataSource.swift in Sources */,
				5304669D2B00CA8100444DF8 /* OccuranceItem.swift in Sources */,
				5304669F2B00D63600444DF8 /* UISearchBar+Extensions.swift in Sources */,
				534539BF2AFE77C9008FF64F /* MovieListBuilder.swift in Sources */,
				534539AE2AFE7548008FF64F /* MovieUseCase.swift in Sources */,
				530466982B00C86B00444DF8 /* OccuranceCell.swift in Sources */,
				534539942AFE7161008FF64F /* BaseCoordinator.swift in Sources */,
				534539A92AFE7493008FF64F /* MovieRemoteDataSource.swift in Sources */,
				538645CE2B01325F00BDD1FE /* ImageProvider.swift in Sources */,
				538645D02B01419800BDD1FE /* MovieEntity+Extensions.swift in Sources */,
				534539C12AFE7870008FF64F /* MovieListCoordinator.swift in Sources */,
				5345395D2AFE709D008FF64F /* AppDelegate.swift in Sources */,
				530466A42B011BC900444DF8 /* PersistenceStore.swift in Sources */,
				530466A62B011D5900444DF8 /* CoreDataStack.swift in Sources */,
				534539AC2AFE751F008FF64F /* MoviesRepository.swift in Sources */,
				534539B32AFE75F8008FF64F /* MovieClient.swift in Sources */,
				530466A92B011DD500444DF8 /* TMDB.xcdatamodeld in Sources */,
				538645D22B01435200BDD1FE /* LocalDataSourceProvider.swift in Sources */,
				5304669B2B00C97D00444DF8 /* OccuranceCellViewModel.swift in Sources */,
				5345399D2AFE71C1008FF64F /* Endpoint.swift in Sources */,
				534539B72AFE769A008FF64F /* RemoteDataSourceProvider.swift in Sources */,
				534539B52AFE764D008FF64F /* MovieProvider.swift in Sources */,
				530466A12B011B8300444DF8 /* MovieLocalDataSource.swift in Sources */,
				5304668C2B003D1300444DF8 /* OccurancesCounterService.swift in Sources */,
				534539BD2AFE7783008FF64F /* MovieListViewModel.swift in Sources */,
				530466562AFEAACB00444DF8 /* MovieCellViewModel.swift in Sources */,
				5304667F2B00369B00444DF8 /* OccurancesViewController.swift in Sources */,
				530466AB2B011F6300444DF8 /* NSManagedObjectContext+Extensions.swift in Sources */,
				538645F92B018D8900BDD1FE /* MovieSearchService.swift in Sources */,
				530466822B00385700444DF8 /* OccurancesViewModel.swift in Sources */,
				530466AD2B01299700444DF8 /* MovieEntity+PersistanceStore.swift in Sources */,
				5345399B2AFE71AE008FF64F /* Environment.swift in Sources */,
				534539922AFE712C008FF64F /* Coordinator.swift in Sources */,
				530466842B00397400444DF8 /* OccurancesBuilder.swift in Sources */,
				534539A52AFE7425008FF64F /* UseCaseProvider.swift in Sources */,
				534539992AFE719C008FF64F /* APIError.swift in Sources */,
				5345395F2AFE709D008FF64F /* SceneDelegate.swift in Sources */,
				530466912B00443D00444DF8 /* OccurancesRepository.swift in Sources */,
				530466762AFFAE2600444DF8 /* ListViewState.swift in Sources */,
				534539C62AFE860C008FF64F /* MovieCell.swift in Sources */,
				530466892B003CD700444DF8 /* OccurancesUseCase.swift in Sources */,
			);
			runOnlyForDeploymentPostprocessing = 0;
		};
		5345396B2AFE70A8008FF64F /* Sources */ = {
			isa = PBXSourcesBuildPhase;
			buildActionMask = 2147483647;
			files = (
				538645E22B01712800BDD1FE /* Movie+Mock.swift in Sources */,
				538645DD2B016FDC00BDD1FE /* MovieListCoordinatorTests.swift in Sources */,
				538645E92B01745500BDD1FE /* ViewDelegateResponder.swift in Sources */,
				538645EE2B017B4600BDD1FE /* OccurancesViewModelTests.swift in Sources */,
				538645F32B017F5700BDD1FE /* OccurancesCounterServiceTests.swift in Sources */,
				538645DB2B016E3F00BDD1FE /* MovieListBuilderTests.swift in Sources */,
				538645E42B01724100BDD1FE /* MovieListViewModelTests.swift in Sources */,
				538645E62B01728300BDD1FE /* MockMovieUseCase.swift in Sources */,
				538645E02B01706500BDD1FE /* MockNavigationController.swift in Sources */,
				538645EC2B017AAD00BDD1FE /* OccurancesBuilderTests.swift in Sources */,
				538645F02B017BCA00BDD1FE /* MockOccurancesUseCase.swift in Sources */,
			);
			runOnlyForDeploymentPostprocessing = 0;
		};
/* End PBXSourcesBuildPhase section */

/* Begin PBXTargetDependency section */
		534539712AFE70A8008FF64F /* PBXTargetDependency */ = {
			isa = PBXTargetDependency;
			target = 534539582AFE709D008FF64F /* TopRatedMovies */;
			targetProxy = 534539702AFE70A8008FF64F /* PBXContainerItemProxy */;
		};
/* End PBXTargetDependency section */

/* Begin PBXVariantGroup section */
		534539672AFE70A8008FF64F /* LaunchScreen.storyboard */ = {
			isa = PBXVariantGroup;
			children = (
				534539682AFE70A8008FF64F /* Base */,
			);
			name = LaunchScreen.storyboard;
			sourceTree = "<group>";
		};
/* End PBXVariantGroup section */

/* Begin XCBuildConfiguration section */
		534539812AFE70A8008FF64F /* Debug */ = {
			isa = XCBuildConfiguration;
			buildSettings = {
				ALWAYS_SEARCH_USER_PATHS = NO;
				ASSETCATALOG_COMPILER_GENERATE_SWIFT_ASSET_SYMBOL_EXTENSIONS = YES;
				CLANG_ANALYZER_NONNULL = YES;
				CLANG_ANALYZER_NUMBER_OBJECT_CONVERSION = YES_AGGRESSIVE;
				CLANG_CXX_LANGUAGE_STANDARD = "gnu++20";
				CLANG_ENABLE_MODULES = YES;
				CLANG_ENABLE_OBJC_ARC = YES;
				CLANG_ENABLE_OBJC_WEAK = YES;
				CLANG_WARN_BLOCK_CAPTURE_AUTORELEASING = YES;
				CLANG_WARN_BOOL_CONVERSION = YES;
				CLANG_WARN_COMMA = YES;
				CLANG_WARN_CONSTANT_CONVERSION = YES;
				CLANG_WARN_DEPRECATED_OBJC_IMPLEMENTATIONS = YES;
				CLANG_WARN_DIRECT_OBJC_ISA_USAGE = YES_ERROR;
				CLANG_WARN_DOCUMENTATION_COMMENTS = YES;
				CLANG_WARN_EMPTY_BODY = YES;
				CLANG_WARN_ENUM_CONVERSION = YES;
				CLANG_WARN_INFINITE_RECURSION = YES;
				CLANG_WARN_INT_CONVERSION = YES;
				CLANG_WARN_NON_LITERAL_NULL_CONVERSION = YES;
				CLANG_WARN_OBJC_IMPLICIT_RETAIN_SELF = YES;
				CLANG_WARN_OBJC_LITERAL_CONVERSION = YES;
				CLANG_WARN_OBJC_ROOT_CLASS = YES_ERROR;
				CLANG_WARN_QUOTED_INCLUDE_IN_FRAMEWORK_HEADER = YES;
				CLANG_WARN_RANGE_LOOP_ANALYSIS = YES;
				CLANG_WARN_STRICT_PROTOTYPES = YES;
				CLANG_WARN_SUSPICIOUS_MOVE = YES;
				CLANG_WARN_UNGUARDED_AVAILABILITY = YES_AGGRESSIVE;
				CLANG_WARN_UNREACHABLE_CODE = YES;
				CLANG_WARN__DUPLICATE_METHOD_MATCH = YES;
				COPY_PHASE_STRIP = NO;
				DEBUG_INFORMATION_FORMAT = dwarf;
				ENABLE_STRICT_OBJC_MSGSEND = YES;
				ENABLE_TESTABILITY = YES;
				ENABLE_USER_SCRIPT_SANDBOXING = YES;
				GCC_C_LANGUAGE_STANDARD = gnu17;
				GCC_DYNAMIC_NO_PIC = NO;
				GCC_NO_COMMON_BLOCKS = YES;
				GCC_OPTIMIZATION_LEVEL = 0;
				GCC_PREPROCESSOR_DEFINITIONS = (
					"DEBUG=1",
					"$(inherited)",
				);
				GCC_WARN_64_TO_32_BIT_CONVERSION = YES;
				GCC_WARN_ABOUT_RETURN_TYPE = YES_ERROR;
				GCC_WARN_UNDECLARED_SELECTOR = YES;
				GCC_WARN_UNINITIALIZED_AUTOS = YES_AGGRESSIVE;
				GCC_WARN_UNUSED_FUNCTION = YES;
				GCC_WARN_UNUSED_VARIABLE = YES;
				IPHONEOS_DEPLOYMENT_TARGET = 14.0;
				LOCALIZATION_PREFERS_STRING_CATALOGS = YES;
				MTL_ENABLE_DEBUG_INFO = INCLUDE_SOURCE;
				MTL_FAST_MATH = YES;
				ONLY_ACTIVE_ARCH = YES;
				SDKROOT = iphoneos;
				SWIFT_ACTIVE_COMPILATION_CONDITIONS = "DEBUG $(inherited)";
				SWIFT_OPTIMIZATION_LEVEL = "-Onone";
			};
			name = Debug;
		};
		534539822AFE70A8008FF64F /* Release */ = {
			isa = XCBuildConfiguration;
			buildSettings = {
				ALWAYS_SEARCH_USER_PATHS = NO;
				ASSETCATALOG_COMPILER_GENERATE_SWIFT_ASSET_SYMBOL_EXTENSIONS = YES;
				CLANG_ANALYZER_NONNULL = YES;
				CLANG_ANALYZER_NUMBER_OBJECT_CONVERSION = YES_AGGRESSIVE;
				CLANG_CXX_LANGUAGE_STANDARD = "gnu++20";
				CLANG_ENABLE_MODULES = YES;
				CLANG_ENABLE_OBJC_ARC = YES;
				CLANG_ENABLE_OBJC_WEAK = YES;
				CLANG_WARN_BLOCK_CAPTURE_AUTORELEASING = YES;
				CLANG_WARN_BOOL_CONVERSION = YES;
				CLANG_WARN_COMMA = YES;
				CLANG_WARN_CONSTANT_CONVERSION = YES;
				CLANG_WARN_DEPRECATED_OBJC_IMPLEMENTATIONS = YES;
				CLANG_WARN_DIRECT_OBJC_ISA_USAGE = YES_ERROR;
				CLANG_WARN_DOCUMENTATION_COMMENTS = YES;
				CLANG_WARN_EMPTY_BODY = YES;
				CLANG_WARN_ENUM_CONVERSION = YES;
				CLANG_WARN_INFINITE_RECURSION = YES;
				CLANG_WARN_INT_CONVERSION = YES;
				CLANG_WARN_NON_LITERAL_NULL_CONVERSION = YES;
				CLANG_WARN_OBJC_IMPLICIT_RETAIN_SELF = YES;
				CLANG_WARN_OBJC_LITERAL_CONVERSION = YES;
				CLANG_WARN_OBJC_ROOT_CLASS = YES_ERROR;
				CLANG_WARN_QUOTED_INCLUDE_IN_FRAMEWORK_HEADER = YES;
				CLANG_WARN_RANGE_LOOP_ANALYSIS = YES;
				CLANG_WARN_STRICT_PROTOTYPES = YES;
				CLANG_WARN_SUSPICIOUS_MOVE = YES;
				CLANG_WARN_UNGUARDED_AVAILABILITY = YES_AGGRESSIVE;
				CLANG_WARN_UNREACHABLE_CODE = YES;
				CLANG_WARN__DUPLICATE_METHOD_MATCH = YES;
				COPY_PHASE_STRIP = NO;
				DEBUG_INFORMATION_FORMAT = "dwarf-with-dsym";
				ENABLE_NS_ASSERTIONS = NO;
				ENABLE_STRICT_OBJC_MSGSEND = YES;
				ENABLE_USER_SCRIPT_SANDBOXING = YES;
				GCC_C_LANGUAGE_STANDARD = gnu17;
				GCC_NO_COMMON_BLOCKS = YES;
				GCC_WARN_64_TO_32_BIT_CONVERSION = YES;
				GCC_WARN_ABOUT_RETURN_TYPE = YES_ERROR;
				GCC_WARN_UNDECLARED_SELECTOR = YES;
				GCC_WARN_UNINITIALIZED_AUTOS = YES_AGGRESSIVE;
				GCC_WARN_UNUSED_FUNCTION = YES;
				GCC_WARN_UNUSED_VARIABLE = YES;
				IPHONEOS_DEPLOYMENT_TARGET = 14.0;
				LOCALIZATION_PREFERS_STRING_CATALOGS = YES;
				MTL_ENABLE_DEBUG_INFO = NO;
				MTL_FAST_MATH = YES;
				SDKROOT = iphoneos;
				SWIFT_COMPILATION_MODE = wholemodule;
				VALIDATE_PRODUCT = YES;
			};
			name = Release;
		};
		534539842AFE70A8008FF64F /* Debug */ = {
			isa = XCBuildConfiguration;
			buildSettings = {
				ASSETCATALOG_COMPILER_APPICON_NAME = AppIcon;
				ASSETCATALOG_COMPILER_GLOBAL_ACCENT_COLOR_NAME = AccentColor;
				CODE_SIGN_STYLE = Automatic;
				CURRENT_PROJECT_VERSION = 1;
				DEVELOPMENT_TEAM = L9295BF929;
				GENERATE_INFOPLIST_FILE = YES;
				INFOPLIST_FILE = TopRatedMovies/Info.plist;
				INFOPLIST_KEY_UIApplicationSupportsIndirectInputEvents = YES;
				INFOPLIST_KEY_UILaunchStoryboardName = LaunchScreen;
				INFOPLIST_KEY_UIMainStoryboardFile = "";
				INFOPLIST_KEY_UISupportedInterfaceOrientations_iPad = "UIInterfaceOrientationPortrait UIInterfaceOrientationPortraitUpsideDown UIInterfaceOrientationLandscapeLeft UIInterfaceOrientationLandscapeRight";
				INFOPLIST_KEY_UISupportedInterfaceOrientations_iPhone = "UIInterfaceOrientationPortrait UIInterfaceOrientationLandscapeLeft UIInterfaceOrientationLandscapeRight";
				LD_RUNPATH_SEARCH_PATHS = (
					"$(inherited)",
					"@executable_path/Frameworks",
				);
				MARKETING_VERSION = 1.0;
				PRODUCT_BUNDLE_IDENTIFIER = com.olena.stepaniuk.TopRatedMovies;
				PRODUCT_NAME = "$(TARGET_NAME)";
				SWIFT_EMIT_LOC_STRINGS = YES;
				SWIFT_VERSION = 5.0;
				TARGETED_DEVICE_FAMILY = "1,2";
			};
			name = Debug;
		};
		534539852AFE70A8008FF64F /* Release */ = {
			isa = XCBuildConfiguration;
			buildSettings = {
				ASSETCATALOG_COMPILER_APPICON_NAME = AppIcon;
				ASSETCATALOG_COMPILER_GLOBAL_ACCENT_COLOR_NAME = AccentColor;
				CODE_SIGN_STYLE = Automatic;
				CURRENT_PROJECT_VERSION = 1;
				DEVELOPMENT_TEAM = L9295BF929;
				GENERATE_INFOPLIST_FILE = YES;
				INFOPLIST_FILE = TopRatedMovies/Info.plist;
				INFOPLIST_KEY_UIApplicationSupportsIndirectInputEvents = YES;
				INFOPLIST_KEY_UILaunchStoryboardName = LaunchScreen;
				INFOPLIST_KEY_UIMainStoryboardFile = "";
				INFOPLIST_KEY_UISupportedInterfaceOrientations_iPad = "UIInterfaceOrientationPortrait UIInterfaceOrientationPortraitUpsideDown UIInterfaceOrientationLandscapeLeft UIInterfaceOrientationLandscapeRight";
				INFOPLIST_KEY_UISupportedInterfaceOrientations_iPhone = "UIInterfaceOrientationPortrait UIInterfaceOrientationLandscapeLeft UIInterfaceOrientationLandscapeRight";
				LD_RUNPATH_SEARCH_PATHS = (
					"$(inherited)",
					"@executable_path/Frameworks",
				);
				MARKETING_VERSION = 1.0;
				PRODUCT_BUNDLE_IDENTIFIER = com.olena.stepaniuk.TopRatedMovies;
				PRODUCT_NAME = "$(TARGET_NAME)";
				SWIFT_EMIT_LOC_STRINGS = YES;
				SWIFT_VERSION = 5.0;
				TARGETED_DEVICE_FAMILY = "1,2";
			};
			name = Release;
		};
		534539872AFE70A8008FF64F /* Debug */ = {
			isa = XCBuildConfiguration;
			buildSettings = {
				ALWAYS_EMBED_SWIFT_STANDARD_LIBRARIES = YES;
				BUNDLE_LOADER = "$(TEST_HOST)";
				CODE_SIGN_STYLE = Automatic;
				CURRENT_PROJECT_VERSION = 1;
				DEVELOPMENT_TEAM = L9295BF929;
				GENERATE_INFOPLIST_FILE = YES;
				IPHONEOS_DEPLOYMENT_TARGET = 17.0;
				MARKETING_VERSION = 1.0;
				PRODUCT_BUNDLE_IDENTIFIER = com.olena.stepaniuk.TopRatedMoviesTests;
				PRODUCT_NAME = "$(TARGET_NAME)";
				SWIFT_EMIT_LOC_STRINGS = NO;
				SWIFT_VERSION = 5.0;
				TARGETED_DEVICE_FAMILY = "1,2";
				TEST_HOST = "$(BUILT_PRODUCTS_DIR)/TopRatedMovies.app/$(BUNDLE_EXECUTABLE_FOLDER_PATH)/TopRatedMovies";
			};
			name = Debug;
		};
		534539882AFE70A8008FF64F /* Release */ = {
			isa = XCBuildConfiguration;
			buildSettings = {
				ALWAYS_EMBED_SWIFT_STANDARD_LIBRARIES = YES;
				BUNDLE_LOADER = "$(TEST_HOST)";
				CODE_SIGN_STYLE = Automatic;
				CURRENT_PROJECT_VERSION = 1;
				DEVELOPMENT_TEAM = L9295BF929;
				GENERATE_INFOPLIST_FILE = YES;
				IPHONEOS_DEPLOYMENT_TARGET = 17.0;
				MARKETING_VERSION = 1.0;
				PRODUCT_BUNDLE_IDENTIFIER = com.olena.stepaniuk.TopRatedMoviesTests;
				PRODUCT_NAME = "$(TARGET_NAME)";
				SWIFT_EMIT_LOC_STRINGS = NO;
				SWIFT_VERSION = 5.0;
				TARGETED_DEVICE_FAMILY = "1,2";
				TEST_HOST = "$(BUILT_PRODUCTS_DIR)/TopRatedMovies.app/$(BUNDLE_EXECUTABLE_FOLDER_PATH)/TopRatedMovies";
			};
			name = Release;
		};
/* End XCBuildConfiguration section */

/* Begin XCConfigurationList section */
		534539542AFE709C008FF64F /* Build configuration list for PBXProject "TopRatedMovies" */ = {
			isa = XCConfigurationList;
			buildConfigurations = (
				534539812AFE70A8008FF64F /* Debug */,
				534539822AFE70A8008FF64F /* Release */,
			);
			defaultConfigurationIsVisible = 0;
			defaultConfigurationName = Release;
		};
		534539832AFE70A8008FF64F /* Build configuration list for PBXNativeTarget "TopRatedMovies" */ = {
			isa = XCConfigurationList;
			buildConfigurations = (
				534539842AFE70A8008FF64F /* Debug */,
				534539852AFE70A8008FF64F /* Release */,
			);
			defaultConfigurationIsVisible = 0;
			defaultConfigurationName = Release;
		};
		534539862AFE70A8008FF64F /* Build configuration list for PBXNativeTarget "TopRatedMoviesTests" */ = {
			isa = XCConfigurationList;
			buildConfigurations = (
				534539872AFE70A8008FF64F /* Debug */,
				534539882AFE70A8008FF64F /* Release */,
			);
			defaultConfigurationIsVisible = 0;
			defaultConfigurationName = Release;
		};
/* End XCConfigurationList section */

/* Begin XCVersionGroup section */
		530466A72B011DD500444DF8 /* TMDB.xcdatamodeld */ = {
			isa = XCVersionGroup;
			children = (
				530466A82B011DD500444DF8 /* TMDB.xcdatamodel */,
			);
			currentVersion = 530466A82B011DD500444DF8 /* TMDB.xcdatamodel */;
			path = TMDB.xcdatamodeld;
			sourceTree = "<group>";
			versionGroupType = wrapper.xcdatamodel;
		};
/* End XCVersionGroup section */
	};
	rootObject = 534539512AFE709C008FF64F /* Project object */;
}
